<Solution>
  <Folder Name="/Items/">
    <File Path="README.md" />
  </Folder>
  <Folder Name="/Libraries/">
    <Project Path="Microtechture.Common/Microtechture.Common.csproj" Id="704ba892-6c80-49af-bac8-bc9e2fadc465" />
  </Folder>
  <Folder Name="/Presenter/">
    <Project Path="ProductManagement.Api/ProductManagement.Api.csproj" />
    <Project Path="ProductManagement.Worker/ProductManagement.Worker.csproj" />
  </Folder>
  <Folder Name="/src/">
    <Project Path="ProductManagement.Application/ProductManagement.Application.csproj" />
    <Project Path="ProductManagement.Domain/ProductManagement.Domain.csproj" />
    <Project Path="ProductManagement.Infrastructure/ProductManagement.Infrastructure.csproj" />
  </Folder>
  <Folder Name="/Test/">
    <Project Path="ProductManagement.Test/ProductManagement.Test.csproj" />
  </Folder>
</Solution>
